
Microsoft Visual Studio Solution File, Format Version 12.00
# Visual Studio Version 16
VisualStudioVersion = 16.0.31605.320
MinimumVisualStudioVersion = 10.0.40219.1
Project("{9A19103F-16F7-4668-BE54-9A1E7A4F7556}") = "slot-machine", "slot-machine\slot-machine.csproj", "{E9FE58C0-195E-4D18-9463-12F54EC77B06}"
EndProject
Project("{FAE04EC0-301F-11D3-BF4B-00C04F79EFBC}") = "Slot-machine-tests", "Slot-machine-tests\Slot-machine-tests.csproj", "{6E80490A-0497-48D0-B9D0-82ABDC1F3936}"
EndProject
Global
	GlobalSection(SolutionConfigurationPlatforms) = preSolution
		Debug|Any CPU = Debug|Any CPU
		Release|Any CPU = Release|Any CPU
	EndGlobalSection
	GlobalSection(ProjectConfigurationPlatforms) = postSolution
		{E9FE58C0-195E-4D18-9463-12F54EC77B06}.Debug|Any CPU.ActiveCfg = Debug|Any CPU
		{E9FE58C0-195E-4D18-9463-12F54EC77B06}.Debug|Any CPU.Build.0 = Debug|Any CPU
		{E9FE58C0-195E-4D18-9463-12F54EC77B06}.Release|Any CPU.ActiveCfg = Release|Any CPU
		{E9FE58C0-195E-4D18-9463-12F54EC77B06}.Release|Any CPU.Build.0 = Release|Any CPU
		{6E80490A-0497-48D0-B9D0-82ABDC1F3936}.Debug|Any CPU.ActiveCfg = Debug|Any CPU
		{6E80490A-0497-48D0-B9D0-82ABDC1F3936}.Debug|Any CPU.Build.0 = Debug|Any CPU
		{6E80490A-0497-48D0-B9D0-82ABDC1F3936}.Release|Any CPU.ActiveCfg = Release|Any CPU
		{6E80490A-0497-48D0-B9D0-82ABDC1F3936}.Release|Any CPU.Build.0 = Release|Any CPU
	EndGlobalSection
	GlobalSection(SolutionProperties) = preSolution
		HideSolutionNode = FALSE
	EndGlobalSection
	GlobalSection(ExtensibilityGlobals) = postSolution
		SolutionGuid = {AC50142C-D893-412B-829D-D16FCAD664ED}
	EndGlobalSection
EndGlobal
